Microsoft Visual Studio Solution File, Format Version 12.00
# Visual Studio Version 17
VisualStudioVersion = 17.5.2.0
MinimumVisualStudioVersion = 10.0.40219.1
Project("{FAE04EC0-301F-11D3-BF4B-00C04F79EFBC}") = "JobTracker", "JobTracker.csproj", "{44EA3919-E134-CECB-3582-F5E72167C517}"
EndProject
Global
	GlobalSection(SolutionConfigurationPlatforms) = preSolution
		Debug|Any CPU = Debug|Any CPU
		Release|Any CPU = Release|Any CPU
	EndGlobalSection
	GlobalSection(ProjectConfigurationPlatforms) = postSolution
		{44EA3919-E134-CECB-3582-F5E72167C517}.Debug|Any CPU.ActiveCfg = Debug|Any CPU
		{44EA3919-E134-CECB-3582-F5E72167C517}.Debug|Any CPU.Build.0 = Debug|Any CPU
		{44EA3919-E134-CECB-3582-F5E72167C517}.Release|Any CPU.ActiveCfg = Release|Any CPU
		{44EA3919-E134-CECB-3582-F5E72167C517}.Release|Any CPU.Build.0 = Release|Any CPU
	EndGlobalSection
	GlobalSection(SolutionProperties) = preSolution
		HideSolutionNode = FALSE
	EndGlobalSection
	GlobalSection(ExtensibilityGlobals) = postSolution
		SolutionGuid = {64D834EE-062A-4AD1-944E-21950D51803A}
	EndGlobalSection
EndGlobal
