
Microsoft Visual Studio Solution File, Format Version 12.00
# Visual Studio Version 17
VisualStudioVersion = 17.14.36301.6
MinimumVisualStudioVersion = 10.0.40219.1
Project("{FAE04EC0-301F-11D3-BF4B-00C04F79EFBC}") = "JobTracker", "JobTracker\JobTracker.csproj", "{93726C05-2F98-5552-F850-E964A1C91705}"
EndProject
Project("{FAE04EC0-301F-11D3-BF4B-00C04F79EFBC}") = "JobTracker.Tests", "JobTracker.Tests\JobTracker.Tests.csproj", "{04414399-B8C2-4051-8E5D-56223A1C7A00}"
EndProject
Global
	GlobalSection(SolutionConfigurationPlatforms) = preSolution
		Debug|Any CPU = Debug|Any CPU
		Release|Any CPU = Release|Any CPU
	EndGlobalSection
	GlobalSection(ProjectConfigurationPlatforms) = postSolution
		{93726C05-2F98-5552-F850-E964A1C91705}.Debug|Any CPU.ActiveCfg = Debug|Any CPU
		{93726C05-2F98-5552-F850-E964A1C91705}.Debug|Any CPU.Build.0 = Debug|Any CPU
		{93726C05-2F98-5552-F850-E964A1C91705}.Release|Any CPU.ActiveCfg = Release|Any CPU
		{93726C05-2F98-5552-F850-E964A1C91705}.Release|Any CPU.Build.0 = Release|Any CPU
		{04414399-B8C2-4051-8E5D-56223A1C7A00}.Debug|Any CPU.ActiveCfg = Debug|Any CPU
		{04414399-B8C2-4051-8E5D-56223A1C7A00}.Debug|Any CPU.Build.0 = Debug|Any CPU
		{04414399-B8C2-4051-8E5D-56223A1C7A00}.Release|Any CPU.ActiveCfg = Release|Any CPU
		{04414399-B8C2-4051-8E5D-56223A1C7A00}.Release|Any CPU.Build.0 = Release|Any CPU
	EndGlobalSection
	GlobalSection(SolutionProperties) = preSolution
		HideSolutionNode = FALSE
	EndGlobalSection
	GlobalSection(ExtensibilityGlobals) = postSolution
		SolutionGuid = {69870E40-0E04-4848-8F9A-9562186EECA9}
	EndGlobalSection
EndGlobal
